
Microsoft Visual Studio Solution File, Format Version 12.00
Project("{2150E333-8FDC-42A3-9474-1A3956D46DE8}") = "src", "src", "{827E0CD3-B72D-47B6-A68D-7590B98EB39B}"
EndProject
Project("{FAE04EC0-301F-11D3-BF4B-00C04F79EFBC}") = "ScimSlim", "src\ScimSlim\ScimSlim.csproj", "{4C40CA8E-9243-492F-BE09-D8A0C27A36E6}"
EndProject
Project("{FAE04EC0-301F-11D3-BF4B-00C04F79EFBC}") = "ScimSlim.EntityFramework", "src\ScimSlim.EntityFramework\ScimSlim.EntityFramework.csproj", "{F9EE4383-65F6-41FC-AD1A-98ED9B41D669}"
EndProject
Project("{2150E333-8FDC-42A3-9474-1A3956D46DE8}") = "samples", "samples", "{5D20AA90-6969-D8BD-9DCD-8634F4692FDA}"
EndProject
Project("{FAE04EC0-301F-11D3-BF4B-00C04F79EFBC}") = "SampleApp", "samples\SampleApp\SampleApp.csproj", "{B25D8638-B982-4954-A680-56F07CB80CF3}"
EndProject
Global
	GlobalSection(SolutionConfigurationPlatforms) = preSolution
		Debug|Any CPU = Debug|Any CPU
		Debug|x64 = Debug|x64
		Debug|x86 = Debug|x86
		Release|Any CPU = Release|Any CPU
		Release|x64 = Release|x64
		Release|x86 = Release|x86
	EndGlobalSection
	GlobalSection(ProjectConfigurationPlatforms) = postSolution
		{4C40CA8E-9243-492F-BE09-D8A0C27A36E6}.Debug|Any CPU.ActiveCfg = Debug|Any CPU
		{4C40CA8E-9243-492F-BE09-D8A0C27A36E6}.Debug|Any CPU.Build.0 = Debug|Any CPU
		{4C40CA8E-9243-492F-BE09-D8A0C27A36E6}.Debug|x64.ActiveCfg = Debug|Any CPU
		{4C40CA8E-9243-492F-BE09-D8A0C27A36E6}.Debug|x64.Build.0 = Debug|Any CPU
		{4C40CA8E-9243-492F-BE09-D8A0C27A36E6}.Debug|x86.ActiveCfg = Debug|Any CPU
		{4C40CA8E-9243-492F-BE09-D8A0C27A36E6}.Debug|x86.Build.0 = Debug|Any CPU
		{4C40CA8E-9243-492F-BE09-D8A0C27A36E6}.Release|Any CPU.ActiveCfg = Release|Any CPU
		{4C40CA8E-9243-492F-BE09-D8A0C27A36E6}.Release|Any CPU.Build.0 = Release|Any CPU
		{4C40CA8E-9243-492F-BE09-D8A0C27A36E6}.Release|x64.ActiveCfg = Release|Any CPU
		{4C40CA8E-9243-492F-BE09-D8A0C27A36E6}.Release|x64.Build.0 = Release|Any CPU
		{4C40CA8E-9243-492F-BE09-D8A0C27A36E6}.Release|x86.ActiveCfg = Release|Any CPU
		{4C40CA8E-9243-492F-BE09-D8A0C27A36E6}.Release|x86.Build.0 = Release|Any CPU
		{F9EE4383-65F6-41FC-AD1A-98ED9B41D669}.Debug|Any CPU.ActiveCfg = Debug|Any CPU
		{F9EE4383-65F6-41FC-AD1A-98ED9B41D669}.Debug|Any CPU.Build.0 = Debug|Any CPU
		{F9EE4383-65F6-41FC-AD1A-98ED9B41D669}.Debug|x64.ActiveCfg = Debug|Any CPU
		{F9EE4383-65F6-41FC-AD1A-98ED9B41D669}.Debug|x64.Build.0 = Debug|Any CPU
		{F9EE4383-65F6-41FC-AD1A-98ED9B41D669}.Debug|x86.ActiveCfg = Debug|Any CPU
		{F9EE4383-65F6-41FC-AD1A-98ED9B41D669}.Debug|x86.Build.0 = Debug|Any CPU
		{F9EE4383-65F6-41FC-AD1A-98ED9B41D669}.Release|Any CPU.ActiveCfg = Release|Any CPU
		{F9EE4383-65F6-41FC-AD1A-98ED9B41D669}.Release|Any CPU.Build.0 = Release|Any CPU
		{F9EE4383-65F6-41FC-AD1A-98ED9B41D669}.Release|x64.ActiveCfg = Release|Any CPU
		{F9EE4383-65F6-41FC-AD1A-98ED9B41D669}.Release|x64.Build.0 = Release|Any CPU
		{F9EE4383-65F6-41FC-AD1A-98ED9B41D669}.Release|x86.ActiveCfg = Release|Any CPU
		{F9EE4383-65F6-41FC-AD1A-98ED9B41D669}.Release|x86.Build.0 = Release|Any CPU
		{B25D8638-B982-4954-A680-56F07CB80CF3}.Debug|Any CPU.ActiveCfg = Debug|Any CPU
		{B25D8638-B982-4954-A680-56F07CB80CF3}.Debug|Any CPU.Build.0 = Debug|Any CPU
		{B25D8638-B982-4954-A680-56F07CB80CF3}.Debug|x64.ActiveCfg = Debug|Any CPU
		{B25D8638-B982-4954-A680-56F07CB80CF3}.Debug|x64.Build.0 = Debug|Any CPU
		{B25D8638-B982-4954-A680-56F07CB80CF3}.Debug|x86.ActiveCfg = Debug|Any CPU
		{B25D8638-B982-4954-A680-56F07CB80CF3}.Debug|x86.Build.0 = Debug|Any CPU
		{B25D8638-B982-4954-A680-56F07CB80CF3}.Release|Any CPU.ActiveCfg = Release|Any CPU
		{B25D8638-B982-4954-A680-56F07CB80CF3}.Release|Any CPU.Build.0 = Release|Any CPU
		{B25D8638-B982-4954-A680-56F07CB80CF3}.Release|x64.ActiveCfg = Release|Any CPU
		{B25D8638-B982-4954-A680-56F07CB80CF3}.Release|x64.Build.0 = Release|Any CPU
		{B25D8638-B982-4954-A680-56F07CB80CF3}.Release|x86.ActiveCfg = Release|Any CPU
		{B25D8638-B982-4954-A680-56F07CB80CF3}.Release|x86.Build.0 = Release|Any CPU
	EndGlobalSection
	GlobalSection(SolutionProperties) = preSolution
		HideSolutionNode = FALSE
	EndGlobalSection
	GlobalSection(NestedProjects) = preSolution
		{4C40CA8E-9243-492F-BE09-D8A0C27A36E6} = {827E0CD3-B72D-47B6-A68D-7590B98EB39B}
		{F9EE4383-65F6-41FC-AD1A-98ED9B41D669} = {827E0CD3-B72D-47B6-A68D-7590B98EB39B}
		{B25D8638-B982-4954-A680-56F07CB80CF3} = {5D20AA90-6969-D8BD-9DCD-8634F4692FDA}
	EndGlobalSection
EndGlobal
